
Microsoft Visual Studio Solution File, Format Version 12.00
# Visual Studio Version 17
VisualStudioVersion = 17.5.002.0
MinimumVisualStudioVersion = 10.0.40219.1
Project("{9A19103F-16F7-4668-BE54-9A1E7A4F7556}") = "OrleansSilo", "OrleansSilo\OrleansSilo.csproj", "{CFF7553C-F1C4-4F0D-8BEA-854686EED0F9}"
EndProject
Project("{9A19103F-16F7-4668-BE54-9A1E7A4F7556}") = "OrleansClient", "OrleansClient\OrleansClient.csproj", "{C4E87C8A-97E8-4152-A233-0F376C3BA07F}"
EndProject
Project("{2150E333-8FDC-42A3-9474-1A3956D46DE8}") = "OrleansClient (1)", "OrleansClient", "{3011FDAA-1623-4C2C-A672-4E1041DCDCA4}"
EndProject
Project("{9A19103F-16F7-4668-BE54-9A1E7A4F7556}") = "OrleansGrains", "OrleansClient\OrleansGrains\OrleansGrains.csproj", "{52AAE0E3-F3C2-490D-9A0D-63B0E205F936}"
EndProject
Global
	GlobalSection(SolutionConfigurationPlatforms) = preSolution
		Debug|Any CPU = Debug|Any CPU
		Release|Any CPU = Release|Any CPU
	EndGlobalSection
	GlobalSection(ProjectConfigurationPlatforms) = postSolution
		{CFF7553C-F1C4-4F0D-8BEA-854686EED0F9}.Debug|Any CPU.ActiveCfg = Debug|Any CPU
		{CFF7553C-F1C4-4F0D-8BEA-854686EED0F9}.Debug|Any CPU.Build.0 = Debug|Any CPU
		{CFF7553C-F1C4-4F0D-8BEA-854686EED0F9}.Release|Any CPU.ActiveCfg = Release|Any CPU
		{CFF7553C-F1C4-4F0D-8BEA-854686EED0F9}.Release|Any CPU.Build.0 = Release|Any CPU
		{C4E87C8A-97E8-4152-A233-0F376C3BA07F}.Debug|Any CPU.ActiveCfg = Debug|Any CPU
		{C4E87C8A-97E8-4152-A233-0F376C3BA07F}.Debug|Any CPU.Build.0 = Debug|Any CPU
		{C4E87C8A-97E8-4152-A233-0F376C3BA07F}.Release|Any CPU.ActiveCfg = Release|Any CPU
		{C4E87C8A-97E8-4152-A233-0F376C3BA07F}.Release|Any CPU.Build.0 = Release|Any CPU
		{52AAE0E3-F3C2-490D-9A0D-63B0E205F936}.Debug|Any CPU.ActiveCfg = Debug|Any CPU
		{52AAE0E3-F3C2-490D-9A0D-63B0E205F936}.Debug|Any CPU.Build.0 = Debug|Any CPU
		{52AAE0E3-F3C2-490D-9A0D-63B0E205F936}.Release|Any CPU.ActiveCfg = Release|Any CPU
		{52AAE0E3-F3C2-490D-9A0D-63B0E205F936}.Release|Any CPU.Build.0 = Release|Any CPU
	EndGlobalSection
	GlobalSection(SolutionProperties) = preSolution
		HideSolutionNode = FALSE
	EndGlobalSection
	GlobalSection(NestedProjects) = preSolution
		{52AAE0E3-F3C2-490D-9A0D-63B0E205F936} = {3011FDAA-1623-4C2C-A672-4E1041DCDCA4}
	EndGlobalSection
	GlobalSection(ExtensibilityGlobals) = postSolution
		SolutionGuid = {C2557DFA-1FF3-4F41-B7D5-DD26ACC99399}
	EndGlobalSection
EndGlobal
